// !$*UTF8*$!
{
	archiveVersion = 1;
	classes = {
	};
	objectVersion = 50;
	objects = {

/* Begin PBXBuildFile section */
		452B8DEE2732FA35000E7E60 /* RAnalyticsProgressNotifications.swift in Sources */ = {isa = PBXBuildFile; fileRef = 452B8DED2732FA35000E7E60 /* RAnalyticsProgressNotifications.swift */; };
		4BB2042C26841F1900BD72B4 /* RAnalyticsRATTracker+Duplicate.swift in Sources */ = {isa = PBXBuildFile; fileRef = 4BB2042B26841F1900BD72B4 /* RAnalyticsRATTracker+Duplicate.swift */; };
		4BB204302684819400BD72B4 /* RAnalyticsConfiguration.swift in Sources */ = {isa = PBXBuildFile; fileRef = 4BB2042F2684819400BD72B4 /* RAnalyticsConfiguration.swift */; };
		C923B85425FF322A00F9CCA0 /* RAnalyticsEvent.swift in Sources */ = {isa = PBXBuildFile; fileRef = C923B80525FF322A00F9CCA0 /* RAnalyticsEvent.swift */; };
		C923B85825FF322A00F9CCA0 /* RAnalyticsState.swift in Sources */ = {isa = PBXBuildFile; fileRef = C923B80925FF322A00F9CCA0 /* RAnalyticsState.swift */; };
		C923B85C25FF322A00F9CCA0 /* NSNotification+Extensions.swift in Sources */ = {isa = PBXBuildFile; fileRef = C923B80E25FF322A00F9CCA0 /* NSNotification+Extensions.swift */; };
		C923B85D25FF322A00F9CCA0 /* RAnalyticsClassManipulable+UNUserNotificationCenter.swift in Sources */ = {isa = PBXBuildFile; fileRef = C923B80F25FF322A00F9CCA0 /* RAnalyticsClassManipulable+UNUserNotificationCenter.swift */; };
		C923B85E25FF322A00F9CCA0 /* RAnalyticsClassManipulable+UIApplication.swift in Sources */ = {isa = PBXBuildFile; fileRef = C923B81025FF322A00F9CCA0 /* RAnalyticsClassManipulable+UIApplication.swift */; };
		C923B85F25FF322A00F9CCA0 /* RAnalyticsClassManipulable.swift in Sources */ = {isa = PBXBuildFile; fileRef = C923B81125FF322A00F9CCA0 /* RAnalyticsClassManipulable.swift */; };
		C923B86025FF322A00F9CCA0 /* RAnalyticsClassManipulable+UIViewController.swift in Sources */ = {isa = PBXBuildFile; fileRef = C923B81225FF322A00F9CCA0 /* RAnalyticsClassManipulable+UIViewController.swift */; };
		C923B86125FF322A00F9CCA0 /* CoreHelpers.swift in Sources */ = {isa = PBXBuildFile; fileRef = C923B81325FF322A00F9CCA0 /* CoreHelpers.swift */; };
		C923B86325FF322A00F9CCA0 /* _RAnalyticsSwiftLoader.h in Headers */ = {isa = PBXBuildFile; fileRef = C923B81525FF322A00F9CCA0 /* _RAnalyticsSwiftLoader.h */; };
		C923B86625FF322A00F9CCA0 /* RuntimeLoadable.swift in Sources */ = {isa = PBXBuildFile; fileRef = C923B81825FF322A00F9CCA0 /* RuntimeLoadable.swift */; };
		C923B86725FF322A00F9CCA0 /* AnyDependenciesContainer+DependencyFactory.swift in Sources */ = {isa = PBXBuildFile; fileRef = C923B81925FF322A00F9CCA0 /* AnyDependenciesContainer+DependencyFactory.swift */; };
		C923B86825FF322A00F9CCA0 /* RAnalyticsExternalCollector.swift in Sources */ = {isa = PBXBuildFile; fileRef = C923B81A25FF322A00F9CCA0 /* RAnalyticsExternalCollector.swift */; };
		C923B86A25FF322A00F9CCA0 /* RAnalyticsLaunchCollector.swift in Sources */ = {isa = PBXBuildFile; fileRef = C923B81C25FF322A00F9CCA0 /* RAnalyticsLaunchCollector.swift */; };
		C923B86B25FF322A00F9CCA0 /* _RAnalyticsSwiftLoader.m in Sources */ = {isa = PBXBuildFile; fileRef = C923B81D25FF322A00F9CCA0 /* _RAnalyticsSwiftLoader.m */; };
		C923B86F25FF322A00F9CCA0 /* RAnalyticsSender.swift in Sources */ = {isa = PBXBuildFile; fileRef = C923B82325FF322A00F9CCA0 /* RAnalyticsSender.swift */; };
		C923B87325FF322A00F9CCA0 /* Data+RAT.swift in Sources */ = {isa = PBXBuildFile; fileRef = C923B82825FF322A00F9CCA0 /* Data+RAT.swift */; };
		C923B87425FF322A00F9CCA0 /* UNUserNotificationCenter+Extensions.swift in Sources */ = {isa = PBXBuildFile; fileRef = C923B82925FF322A00F9CCA0 /* UNUserNotificationCenter+Extensions.swift */; };
		C923B87525FF322A00F9CCA0 /* EventChecker.swift in Sources */ = {isa = PBXBuildFile; fileRef = C923B82A25FF322A00F9CCA0 /* EventChecker.swift */; };
		C923B87625FF322A00F9CCA0 /* UIViewController+Extensions.swift in Sources */ = {isa = PBXBuildFile; fileRef = C923B82B25FF322A00F9CCA0 /* UIViewController+Extensions.swift */; };
		C923B87825FF322A00F9CCA0 /* RAnalyticsDatabaseHelper.swift in Sources */ = {isa = PBXBuildFile; fileRef = C923B82D25FF322A00F9CCA0 /* RAnalyticsDatabaseHelper.swift */; };
		C923B87A25FF322A00F9CCA0 /* Optional+String.swift in Sources */ = {isa = PBXBuildFile; fileRef = C923B82F25FF322A00F9CCA0 /* Optional+String.swift */; };
		C923B87B25FF322A00F9CCA0 /* String+Extensions.swift in Sources */ = {isa = PBXBuildFile; fileRef = C923B83025FF322A00F9CCA0 /* String+Extensions.swift */; };
		C923B87C25FF322A00F9CCA0 /* Array+RAT.swift in Sources */ = {isa = PBXBuildFile; fileRef = C923B83125FF322A00F9CCA0 /* Array+RAT.swift */; };
		C923B87E25FF322A00F9CCA0 /* ASIdentifierManager+Extensions.swift in Sources */ = {isa = PBXBuildFile; fileRef = C923B83325FF322A00F9CCA0 /* ASIdentifierManager+Extensions.swift */; };
		C923B88025FF322A00F9CCA0 /* URLSession+Result.swift in Sources */ = {isa = PBXBuildFile; fileRef = C923B83525FF322A00F9CCA0 /* URLSession+Result.swift */; };
		C923B88125FF322A00F9CCA0 /* AnalyticsTracker.swift in Sources */ = {isa = PBXBuildFile; fileRef = C923B83625FF322A00F9CCA0 /* AnalyticsTracker.swift */; };
		C923B88225FF322A00F9CCA0 /* WKHTTPCookieStore+Extensions.swift in Sources */ = {isa = PBXBuildFile; fileRef = C923B83725FF322A00F9CCA0 /* WKHTTPCookieStore+Extensions.swift */; };
		C923B88325FF322A00F9CCA0 /* RAnalyticsDatabase.swift in Sources */ = {isa = PBXBuildFile; fileRef = C923B83825FF322A00F9CCA0 /* RAnalyticsDatabase.swift */; };
		C923B88425FF322A00F9CCA0 /* NSObject+Extensions.swift in Sources */ = {isa = PBXBuildFile; fileRef = C923B83925FF322A00F9CCA0 /* NSObject+Extensions.swift */; };
		C923B88525FF322A00F9CCA0 /* RAnalyticsCookieInjector.swift in Sources */ = {isa = PBXBuildFile; fileRef = C923B83A25FF322A00F9CCA0 /* RAnalyticsCookieInjector.swift */; };
		C923B88625FF322A00F9CCA0 /* RAdvertisingIdentifierHandler.swift in Sources */ = {isa = PBXBuildFile; fileRef = C923B83B25FF322A00F9CCA0 /* RAdvertisingIdentifierHandler.swift */; };
		C923B88825FF322A00F9CCA0 /* UserDefaults+Extensions.swift in Sources */ = {isa = PBXBuildFile; fileRef = C923B83D25FF322A00F9CCA0 /* UserDefaults+Extensions.swift */; };
		C923B88A25FF322A00F9CCA0 /* UserIdentifierSelector.swift in Sources */ = {isa = PBXBuildFile; fileRef = C923B83F25FF322A00F9CCA0 /* UserIdentifierSelector.swift */; };
		C923B88D25FF322A00F9CCA0 /* Synchronizable.swift in Sources */ = {isa = PBXBuildFile; fileRef = C923B84225FF322A00F9CCA0 /* Synchronizable.swift */; };
		C923B88E25FF322A00F9CCA0 /* CLLocation+Extensions.swift in Sources */ = {isa = PBXBuildFile; fileRef = C923B84325FF322A00F9CCA0 /* CLLocation+Extensions.swift */; };
		C923B88F25FF322A00F9CCA0 /* NotificationCenter+Extensions.swift in Sources */ = {isa = PBXBuildFile; fileRef = C923B84425FF322A00F9CCA0 /* NotificationCenter+Extensions.swift */; };
		C923B89025FF322A00F9CCA0 /* Bundle+Extensions.swift in Sources */ = {isa = PBXBuildFile; fileRef = C923B84525FF322A00F9CCA0 /* Bundle+Extensions.swift */; };
		C923B89125FF322A00F9CCA0 /* URLRequest+RAT.swift in Sources */ = {isa = PBXBuildFile; fileRef = C923B84625FF322A00F9CCA0 /* URLRequest+RAT.swift */; };
		C923B89225FF322A00F9CCA0 /* KeychainHandler.swift in Sources */ = {isa = PBXBuildFile; fileRef = C923B84725FF322A00F9CCA0 /* KeychainHandler.swift */; };
		C923B89425FF322A00F9CCA0 /* MainThreadExecutor.swift in Sources */ = {isa = PBXBuildFile; fileRef = C923B84925FF322A00F9CCA0 /* MainThreadExecutor.swift */; };
		C923B89525FF322A00F9CCA0 /* Optional+CLLocation.swift in Sources */ = {isa = PBXBuildFile; fileRef = C923B84A25FF322A00F9CCA0 /* Optional+CLLocation.swift */; };
		C923B89A25FF322A00F9CCA0 /* RAnalytics.h in Headers */ = {isa = PBXBuildFile; fileRef = C923B85025FF322A00F9CCA0 /* RAnalytics.h */; settings = {ATTRIBUTES = (Public, ); }; };
		C925314426650A33005A6051 /* ReachabilityNotifier.swift in Sources */ = {isa = PBXBuildFile; fileRef = C925314126650A33005A6051 /* ReachabilityNotifier.swift */; };
		C925314526650A33005A6051 /* RAnalyticsRATTracker+Extensions.swift in Sources */ = {isa = PBXBuildFile; fileRef = C925314226650A33005A6051 /* RAnalyticsRATTracker+Extensions.swift */; };
		C925314626650A33005A6051 /* SCNetworkReachabilityFlags+Extensions.swift in Sources */ = {isa = PBXBuildFile; fileRef = C925314326650A33005A6051 /* SCNetworkReachabilityFlags+Extensions.swift */; };
		C926163E26D4E4FE00119292 /* RAnalyticsEndpointSettable.swift in Sources */ = {isa = PBXBuildFile; fileRef = C926163D26D4E4FE00119292 /* RAnalyticsEndpointSettable.swift */; };
		C926164C26D567BA00119292 /* RModulesList.plist in Resources */ = {isa = PBXBuildFile; fileRef = C926164B26D567BA00119292 /* RModulesList.plist */; };
		C926164E26D641B300119292 /* RAnalyticsTracker.swift in Sources */ = {isa = PBXBuildFile; fileRef = C926164D26D641B300119292 /* RAnalyticsTracker.swift */; };
		C948A577265E8877008BA975 /* NSDate+Extensions.swift in Sources */ = {isa = PBXBuildFile; fileRef = C948A56F265E8877008BA975 /* NSDate+Extensions.swift */; };
		C948A578265E8877008BA975 /* UIView+URL.swift in Sources */ = {isa = PBXBuildFile; fileRef = C948A570265E8877008BA975 /* UIView+URL.swift */; };
		C948A57B265E8877008BA975 /* TelephonyHandler.swift in Sources */ = {isa = PBXBuildFile; fileRef = C948A573265E8877008BA975 /* TelephonyHandler.swift */; };
		C948A57C265E8877008BA975 /* NSObject+Number.swift in Sources */ = {isa = PBXBuildFile; fileRef = C948A574265E8877008BA975 /* NSObject+Number.swift */; };
		C948A57E265E8877008BA975 /* DeviceHandler.swift in Sources */ = {isa = PBXBuildFile; fileRef = C948A576265E8877008BA975 /* DeviceHandler.swift */; };
		C94F90E026E0A3BF0068B44E /* PayloadParameterKeys.swift in Sources */ = {isa = PBXBuildFile; fileRef = C94F90DB26E0A3BF0068B44E /* PayloadParameterKeys.swift */; };
		C94F90E226E0A3BF0068B44E /* AnalyticsManager+ReferralAppTracking.swift in Sources */ = {isa = PBXBuildFile; fileRef = C94F90DD26E0A3BF0068B44E /* AnalyticsManager+ReferralAppTracking.swift */; };
		C94F90E426E0A3BF0068B44E /* ReferralTrackingType.swift in Sources */ = {isa = PBXBuildFile; fileRef = C94F90DF26E0A3BF0068B44E /* ReferralTrackingType.swift */; };
		C959745E265E905800074479 /* UserAgentHandler.swift in Sources */ = {isa = PBXBuildFile; fileRef = C959745D265E905800074479 /* UserAgentHandler.swift */; };
		C96B73DB261E476100CF91BA /* RAnalyticsRpCookieFetcher.swift in Sources */ = {isa = PBXBuildFile; fileRef = C96B73DA261E476100CF91BA /* RAnalyticsRpCookieFetcher.swift */; };
		C96B73E7261E479600CF91BA /* HTTPCookieStorage+Extensions.swift in Sources */ = {isa = PBXBuildFile; fileRef = C96B73E4261E479600CF91BA /* HTTPCookieStorage+Extensions.swift */; };
		C9705FE7269C4605004D1715 /* ErrorMessage.swift in Sources */ = {isa = PBXBuildFile; fileRef = C9705FE6269C4605004D1715 /* ErrorMessage.swift */; };
		C97EF565267362FD006528B6 /* RAnalyticsRATTracker.swift in Sources */ = {isa = PBXBuildFile; fileRef = C97EF564267362FD006528B6 /* RAnalyticsRATTracker.swift */; };
		C97EF56D26736307006528B6 /* RAnalyticsLoginMethod+Extensions.swift in Sources */ = {isa = PBXBuildFile; fileRef = C97EF56726736307006528B6 /* RAnalyticsLoginMethod+Extensions.swift */; };
		C97EF56E26736307006528B6 /* RAnalyticsOrigin+Extensions.swift in Sources */ = {isa = PBXBuildFile; fileRef = C97EF56826736307006528B6 /* RAnalyticsOrigin+Extensions.swift */; };
		C97EF56F26736307006528B6 /* RAnalyticsState+ExtraParameters.swift in Sources */ = {isa = PBXBuildFile; fileRef = C97EF56926736307006528B6 /* RAnalyticsState+ExtraParameters.swift */; };
		C97EF57026736307006528B6 /* String+LogoutMethod.swift in Sources */ = {isa = PBXBuildFile; fileRef = C97EF56A26736307006528B6 /* String+LogoutMethod.swift */; };
		C97EF57126736307006528B6 /* RAnalyticsEvent+ExtraParameters.swift in Sources */ = {isa = PBXBuildFile; fileRef = C97EF56B26736307006528B6 /* RAnalyticsEvent+ExtraParameters.swift */; };
		C97EF57226736307006528B6 /* RStatusBarOrientationHandler.swift in Sources */ = {isa = PBXBuildFile; fileRef = C97EF56C26736307006528B6 /* RStatusBarOrientationHandler.swift */; };
		C97EF57C26736321006528B6 /* Bundle+EnvironmentBundle.swift in Sources */ = {isa = PBXBuildFile; fileRef = C97EF57526736321006528B6 /* Bundle+EnvironmentBundle.swift */; };
		C97EF57D26736321006528B6 /* DatabaseConfiguration.swift in Sources */ = {isa = PBXBuildFile; fileRef = C97EF57626736321006528B6 /* DatabaseConfiguration.swift */; };
		C97EF57E26736321006528B6 /* UIApplication+Extensions.swift in Sources */ = {isa = PBXBuildFile; fileRef = C97EF57726736321006528B6 /* UIApplication+Extensions.swift */; };
		C97EF57F26736321006528B6 /* DeviceHandleable.swift in Sources */ = {isa = PBXBuildFile; fileRef = C97EF57826736321006528B6 /* DeviceHandleable.swift */; };
		C97EF58026736321006528B6 /* UIScreen+Extensions.swift in Sources */ = {isa = PBXBuildFile; fileRef = C97EF57926736321006528B6 /* UIScreen+Extensions.swift */; };
		C97EF58126736321006528B6 /* CTTelephonyNetworkInfo+Extensions.swift in Sources */ = {isa = PBXBuildFile; fileRef = C97EF57A26736321006528B6 /* CTTelephonyNetworkInfo+Extensions.swift */; };
		C97EF58226736321006528B6 /* UIDevice+Extensions.swift in Sources */ = {isa = PBXBuildFile; fileRef = C97EF57B26736321006528B6 /* UIDevice+Extensions.swift */; };
		C99056D02642C7870021E364 /* AnalyticsManager.swift in Sources */ = {isa = PBXBuildFile; fileRef = C99056CF2642C7870021E364 /* AnalyticsManager.swift */; };
		C99056D32642C7960021E364 /* Dictionary+Extensions.swift in Sources */ = {isa = PBXBuildFile; fileRef = C99056D22642C7960021E364 /* Dictionary+Extensions.swift */; };
		C99056D62642C7A90021E364 /* SDKTracker.swift in Sources */ = {isa = PBXBuildFile; fileRef = C99056D52642C7A90021E364 /* SDKTracker.swift */; };
		C9AEFF80270B1D6300F21180 /* ReferralAppModel.swift in Sources */ = {isa = PBXBuildFile; fileRef = C9AEFF7F270B1D6300F21180 /* ReferralAppModel.swift */; };
		C9AEFF82270B1D7200F21180 /* ReferralAppModel+URL.swift in Sources */ = {isa = PBXBuildFile; fileRef = C9AEFF81270B1D7200F21180 /* ReferralAppModel+URL.swift */; };
		C9B5F4F82649350C0039A6A5 /* CLLocationManager+Extensions.swift in Sources */ = {isa = PBXBuildFile; fileRef = C9B5F4F72649350C0039A6A5 /* CLLocationManager+Extensions.swift */; };
		C9D40ADB26D3D30A0069393D /* RAnalyticsEvent+Install.swift in Sources */ = {isa = PBXBuildFile; fileRef = C9D40ADA26D3D30A0069393D /* RAnalyticsEvent+Install.swift */; };
		C9D647B7276AB0FF00C88F54 /* AnalyticsEventObserver.swift in Sources */ = {isa = PBXBuildFile; fileRef = C9D647B5276AB0FF00C88F54 /* AnalyticsEventObserver.swift */; };
		C9D647B8276AB0FF00C88F54 /* AnalyticsEventTracker.swift in Sources */ = {isa = PBXBuildFile; fileRef = C9D647B6276AB0FF00C88F54 /* AnalyticsEventTracker.swift */; };
		C9D647BA276AB10D00C88F54 /* AnalyticsEventPoster.swift in Sources */ = {isa = PBXBuildFile; fileRef = C9D647B9276AB10D00C88F54 /* AnalyticsEventPoster.swift */; };
		C9DAD6D026844FA1003C62AC /* SimpleDependenciesContainer.swift in Sources */ = {isa = PBXBuildFile; fileRef = C9DAD6CF26844FA1003C62AC /* SimpleDependenciesContainer.swift */; };
		C9E4BC91260C9AD20001F0B4 /* String+Encryption.swift in Sources */ = {isa = PBXBuildFile; fileRef = C9E4BC8F260C9AD20001F0B4 /* String+Encryption.swift */; };
		C9E4BC92260C9AD20001F0B4 /* PushEventHandler.swift in Sources */ = {isa = PBXBuildFile; fileRef = C9E4BC90260C9AD20001F0B4 /* PushEventHandler.swift */; };
		C9E4BC96260C9AF20001F0B4 /* RAnalyticsPushTrackingUtility.swift in Sources */ = {isa = PBXBuildFile; fileRef = C9E4BC95260C9AF20001F0B4 /* RAnalyticsPushTrackingUtility.swift */; };
		C9F0AEAE27183ACC00676992 /* FileManager+Extensions.swift in Sources */ = {isa = PBXBuildFile; fileRef = C9F0AEAD27183ACC00676992 /* FileManager+Extensions.swift */; };
/* End PBXBuildFile section */

/* Begin PBXFileReference section */
		3AA58EF024CB107D00CE703C /* RAnalytics.framework */ = {isa = PBXFileReference; explicitFileType = wrapper.framework; includeInIndex = 0; path = RAnalytics.framework; sourceTree = BUILT_PRODUCTS_DIR; };
		3AA58EF424CB107D00CE703C /* Info.plist */ = {isa = PBXFileReference; lastKnownFileType = text.plist.xml; path = Info.plist; sourceTree = "<group>"; };
		452B8DED2732FA35000E7E60 /* RAnalyticsProgressNotifications.swift */ = {isa = PBXFileReference; fileEncoding = 4; lastKnownFileType = sourcecode.swift; path = RAnalyticsProgressNotifications.swift; sourceTree = "<group>"; };
		4BB2042B26841F1900BD72B4 /* RAnalyticsRATTracker+Duplicate.swift */ = {isa = PBXFileReference; lastKnownFileType = sourcecode.swift; path = "RAnalyticsRATTracker+Duplicate.swift"; sourceTree = "<group>"; };
		4BB2042F2684819400BD72B4 /* RAnalyticsConfiguration.swift */ = {isa = PBXFileReference; lastKnownFileType = sourcecode.swift; path = RAnalyticsConfiguration.swift; sourceTree = "<group>"; };
		C923B80525FF322A00F9CCA0 /* RAnalyticsEvent.swift */ = {isa = PBXFileReference; fileEncoding = 4; lastKnownFileType = sourcecode.swift; path = RAnalyticsEvent.swift; sourceTree = "<group>"; };
		C923B80925FF322A00F9CCA0 /* RAnalyticsState.swift */ = {isa = PBXFileReference; fileEncoding = 4; lastKnownFileType = sourcecode.swift; path = RAnalyticsState.swift; sourceTree = "<group>"; };
		C923B80E25FF322A00F9CCA0 /* NSNotification+Extensions.swift */ = {isa = PBXFileReference; fileEncoding = 4; lastKnownFileType = sourcecode.swift; path = "NSNotification+Extensions.swift"; sourceTree = "<group>"; };
		C923B80F25FF322A00F9CCA0 /* RAnalyticsClassManipulable+UNUserNotificationCenter.swift */ = {isa = PBXFileReference; fileEncoding = 4; lastKnownFileType = sourcecode.swift; path = "RAnalyticsClassManipulable+UNUserNotificationCenter.swift"; sourceTree = "<group>"; };
		C923B81025FF322A00F9CCA0 /* RAnalyticsClassManipulable+UIApplication.swift */ = {isa = PBXFileReference; fileEncoding = 4; lastKnownFileType = sourcecode.swift; path = "RAnalyticsClassManipulable+UIApplication.swift"; sourceTree = "<group>"; };
		C923B81125FF322A00F9CCA0 /* RAnalyticsClassManipulable.swift */ = {isa = PBXFileReference; fileEncoding = 4; lastKnownFileType = sourcecode.swift; path = RAnalyticsClassManipulable.swift; sourceTree = "<group>"; };
		C923B81225FF322A00F9CCA0 /* RAnalyticsClassManipulable+UIViewController.swift */ = {isa = PBXFileReference; fileEncoding = 4; lastKnownFileType = sourcecode.swift; path = "RAnalyticsClassManipulable+UIViewController.swift"; sourceTree = "<group>"; };
		C923B81325FF322A00F9CCA0 /* CoreHelpers.swift */ = {isa = PBXFileReference; fileEncoding = 4; lastKnownFileType = sourcecode.swift; path = CoreHelpers.swift; sourceTree = "<group>"; };
		C923B81525FF322A00F9CCA0 /* _RAnalyticsSwiftLoader.h */ = {isa = PBXFileReference; fileEncoding = 4; lastKnownFileType = sourcecode.c.h; path = _RAnalyticsSwiftLoader.h; sourceTree = "<group>"; };
		C923B81825FF322A00F9CCA0 /* RuntimeLoadable.swift */ = {isa = PBXFileReference; fileEncoding = 4; lastKnownFileType = sourcecode.swift; path = RuntimeLoadable.swift; sourceTree = "<group>"; };
		C923B81925FF322A00F9CCA0 /* AnyDependenciesContainer+DependencyFactory.swift */ = {isa = PBXFileReference; fileEncoding = 4; lastKnownFileType = sourcecode.swift; path = "AnyDependenciesContainer+DependencyFactory.swift"; sourceTree = "<group>"; };
		C923B81A25FF322A00F9CCA0 /* RAnalyticsExternalCollector.swift */ = {isa = PBXFileReference; fileEncoding = 4; lastKnownFileType = sourcecode.swift; path = RAnalyticsExternalCollector.swift; sourceTree = "<group>"; };
		C923B81C25FF322A00F9CCA0 /* RAnalyticsLaunchCollector.swift */ = {isa = PBXFileReference; fileEncoding = 4; lastKnownFileType = sourcecode.swift; path = RAnalyticsLaunchCollector.swift; sourceTree = "<group>"; };
		C923B81D25FF322A00F9CCA0 /* _RAnalyticsSwiftLoader.m */ = {isa = PBXFileReference; fileEncoding = 4; lastKnownFileType = sourcecode.c.objc; path = _RAnalyticsSwiftLoader.m; sourceTree = "<group>"; };
		C923B82325FF322A00F9CCA0 /* RAnalyticsSender.swift */ = {isa = PBXFileReference; fileEncoding = 4; lastKnownFileType = sourcecode.swift; path = RAnalyticsSender.swift; sourceTree = "<group>"; };
		C923B82825FF322A00F9CCA0 /* Data+RAT.swift */ = {isa = PBXFileReference; fileEncoding = 4; lastKnownFileType = sourcecode.swift; path = "Data+RAT.swift"; sourceTree = "<group>"; };
		C923B82925FF322A00F9CCA0 /* UNUserNotificationCenter+Extensions.swift */ = {isa = PBXFileReference; fileEncoding = 4; lastKnownFileType = sourcecode.swift; path = "UNUserNotificationCenter+Extensions.swift"; sourceTree = "<group>"; };
		C923B82A25FF322A00F9CCA0 /* EventChecker.swift */ = {isa = PBXFileReference; fileEncoding = 4; lastKnownFileType = sourcecode.swift; path = EventChecker.swift; sourceTree = "<group>"; };
		C923B82B25FF322A00F9CCA0 /* UIViewController+Extensions.swift */ = {isa = PBXFileReference; fileEncoding = 4; lastKnownFileType = sourcecode.swift; path = "UIViewController+Extensions.swift"; sourceTree = "<group>"; };
		C923B82D25FF322A00F9CCA0 /* RAnalyticsDatabaseHelper.swift */ = {isa = PBXFileReference; fileEncoding = 4; lastKnownFileType = sourcecode.swift; path = RAnalyticsDatabaseHelper.swift; sourceTree = "<group>"; };
		C923B82F25FF322A00F9CCA0 /* Optional+String.swift */ = {isa = PBXFileReference; fileEncoding = 4; lastKnownFileType = sourcecode.swift; path = "Optional+String.swift"; sourceTree = "<group>"; };
		C923B83025FF322A00F9CCA0 /* String+Extensions.swift */ = {isa = PBXFileReference; fileEncoding = 4; lastKnownFileType = sourcecode.swift; path = "String+Extensions.swift"; sourceTree = "<group>"; };
		C923B83125FF322A00F9CCA0 /* Array+RAT.swift */ = {isa = PBXFileReference; fileEncoding = 4; lastKnownFileType = sourcecode.swift; path = "Array+RAT.swift"; sourceTree = "<group>"; };
		C923B83325FF322A00F9CCA0 /* ASIdentifierManager+Extensions.swift */ = {isa = PBXFileReference; fileEncoding = 4; lastKnownFileType = sourcecode.swift; path = "ASIdentifierManager+Extensions.swift"; sourceTree = "<group>"; };
		C923B83525FF322A00F9CCA0 /* URLSession+Result.swift */ = {isa = PBXFileReference; fileEncoding = 4; lastKnownFileType = sourcecode.swift; path = "URLSession+Result.swift"; sourceTree = "<group>"; };
		C923B83625FF322A00F9CCA0 /* AnalyticsTracker.swift */ = {isa = PBXFileReference; fileEncoding = 4; lastKnownFileType = sourcecode.swift; path = AnalyticsTracker.swift; sourceTree = "<group>"; };
		C923B83725FF322A00F9CCA0 /* WKHTTPCookieStore+Extensions.swift */ = {isa = PBXFileReference; fileEncoding = 4; lastKnownFileType = sourcecode.swift; path = "WKHTTPCookieStore+Extensions.swift"; sourceTree = "<group>"; };
		C923B83825FF322A00F9CCA0 /* RAnalyticsDatabase.swift */ = {isa = PBXFileReference; fileEncoding = 4; lastKnownFileType = sourcecode.swift; path = RAnalyticsDatabase.swift; sourceTree = "<group>"; };
		C923B83925FF322A00F9CCA0 /* NSObject+Extensions.swift */ = {isa = PBXFileReference; fileEncoding = 4; lastKnownFileType = sourcecode.swift; path = "NSObject+Extensions.swift"; sourceTree = "<group>"; };
		C923B83A25FF322A00F9CCA0 /* RAnalyticsCookieInjector.swift */ = {isa = PBXFileReference; fileEncoding = 4; lastKnownFileType = sourcecode.swift; path = RAnalyticsCookieInjector.swift; sourceTree = "<group>"; };
		C923B83B25FF322A00F9CCA0 /* RAdvertisingIdentifierHandler.swift */ = {isa = PBXFileReference; fileEncoding = 4; lastKnownFileType = sourcecode.swift; path = RAdvertisingIdentifierHandler.swift; sourceTree = "<group>"; };
		C923B83D25FF322A00F9CCA0 /* UserDefaults+Extensions.swift */ = {isa = PBXFileReference; fileEncoding = 4; lastKnownFileType = sourcecode.swift; path = "UserDefaults+Extensions.swift"; sourceTree = "<group>"; };
		C923B83F25FF322A00F9CCA0 /* UserIdentifierSelector.swift */ = {isa = PBXFileReference; fileEncoding = 4; lastKnownFileType = sourcecode.swift; path = UserIdentifierSelector.swift; sourceTree = "<group>"; };
		C923B84225FF322A00F9CCA0 /* Synchronizable.swift */ = {isa = PBXFileReference; fileEncoding = 4; lastKnownFileType = sourcecode.swift; path = Synchronizable.swift; sourceTree = "<group>"; };
		C923B84325FF322A00F9CCA0 /* CLLocation+Extensions.swift */ = {isa = PBXFileReference; fileEncoding = 4; lastKnownFileType = sourcecode.swift; path = "CLLocation+Extensions.swift"; sourceTree = "<group>"; };
		C923B84425FF322A00F9CCA0 /* NotificationCenter+Extensions.swift */ = {isa = PBXFileReference; fileEncoding = 4; lastKnownFileType = sourcecode.swift; path = "NotificationCenter+Extensions.swift"; sourceTree = "<group>"; };
		C923B84525FF322A00F9CCA0 /* Bundle+Extensions.swift */ = {isa = PBXFileReference; fileEncoding = 4; lastKnownFileType = sourcecode.swift; path = "Bundle+Extensions.swift"; sourceTree = "<group>"; };
		C923B84625FF322A00F9CCA0 /* URLRequest+RAT.swift */ = {isa = PBXFileReference; fileEncoding = 4; lastKnownFileType = sourcecode.swift; path = "URLRequest+RAT.swift"; sourceTree = "<group>"; };
		C923B84725FF322A00F9CCA0 /* KeychainHandler.swift */ = {isa = PBXFileReference; fileEncoding = 4; lastKnownFileType = sourcecode.swift; path = KeychainHandler.swift; sourceTree = "<group>"; };
		C923B84925FF322A00F9CCA0 /* MainThreadExecutor.swift */ = {isa = PBXFileReference; fileEncoding = 4; lastKnownFileType = sourcecode.swift; path = MainThreadExecutor.swift; sourceTree = "<group>"; };
		C923B84A25FF322A00F9CCA0 /* Optional+CLLocation.swift */ = {isa = PBXFileReference; fileEncoding = 4; lastKnownFileType = sourcecode.swift; path = "Optional+CLLocation.swift"; sourceTree = "<group>"; };
		C923B85025FF322A00F9CCA0 /* RAnalytics.h */ = {isa = PBXFileReference; fileEncoding = 4; lastKnownFileType = sourcecode.c.h; path = RAnalytics.h; sourceTree = "<group>"; };
		C925314126650A33005A6051 /* ReachabilityNotifier.swift */ = {isa = PBXFileReference; fileEncoding = 4; lastKnownFileType = sourcecode.swift; path = ReachabilityNotifier.swift; sourceTree = "<group>"; };
		C925314226650A33005A6051 /* RAnalyticsRATTracker+Extensions.swift */ = {isa = PBXFileReference; fileEncoding = 4; lastKnownFileType = sourcecode.swift; path = "RAnalyticsRATTracker+Extensions.swift"; sourceTree = "<group>"; };
		C925314326650A33005A6051 /* SCNetworkReachabilityFlags+Extensions.swift */ = {isa = PBXFileReference; fileEncoding = 4; lastKnownFileType = sourcecode.swift; path = "SCNetworkReachabilityFlags+Extensions.swift"; sourceTree = "<group>"; };
		C926163D26D4E4FE00119292 /* RAnalyticsEndpointSettable.swift */ = {isa = PBXFileReference; fileEncoding = 4; lastKnownFileType = sourcecode.swift; path = RAnalyticsEndpointSettable.swift; sourceTree = "<group>"; };
		C926164B26D567BA00119292 /* RModulesList.plist */ = {isa = PBXFileReference; fileEncoding = 4; lastKnownFileType = text.plist.xml; path = RModulesList.plist; sourceTree = "<group>"; };
		C926164D26D641B300119292 /* RAnalyticsTracker.swift */ = {isa = PBXFileReference; fileEncoding = 4; lastKnownFileType = sourcecode.swift; path = RAnalyticsTracker.swift; sourceTree = "<group>"; };
		C948A56F265E8877008BA975 /* NSDate+Extensions.swift */ = {isa = PBXFileReference; fileEncoding = 4; lastKnownFileType = sourcecode.swift; path = "NSDate+Extensions.swift"; sourceTree = "<group>"; };
		C948A570265E8877008BA975 /* UIView+URL.swift */ = {isa = PBXFileReference; fileEncoding = 4; lastKnownFileType = sourcecode.swift; path = "UIView+URL.swift"; sourceTree = "<group>"; };
		C948A573265E8877008BA975 /* TelephonyHandler.swift */ = {isa = PBXFileReference; fileEncoding = 4; lastKnownFileType = sourcecode.swift; path = TelephonyHandler.swift; sourceTree = "<group>"; };
		C948A574265E8877008BA975 /* NSObject+Number.swift */ = {isa = PBXFileReference; fileEncoding = 4; lastKnownFileType = sourcecode.swift; path = "NSObject+Number.swift"; sourceTree = "<group>"; };
		C948A576265E8877008BA975 /* DeviceHandler.swift */ = {isa = PBXFileReference; fileEncoding = 4; lastKnownFileType = sourcecode.swift; path = DeviceHandler.swift; sourceTree = "<group>"; };
		C94F90DB26E0A3BF0068B44E /* PayloadParameterKeys.swift */ = {isa = PBXFileReference; fileEncoding = 4; lastKnownFileType = sourcecode.swift; path = PayloadParameterKeys.swift; sourceTree = "<group>"; };
		C94F90DD26E0A3BF0068B44E /* AnalyticsManager+ReferralAppTracking.swift */ = {isa = PBXFileReference; fileEncoding = 4; lastKnownFileType = sourcecode.swift; path = "AnalyticsManager+ReferralAppTracking.swift"; sourceTree = "<group>"; };
		C94F90DF26E0A3BF0068B44E /* ReferralTrackingType.swift */ = {isa = PBXFileReference; fileEncoding = 4; lastKnownFileType = sourcecode.swift; path = ReferralTrackingType.swift; sourceTree = "<group>"; };
		C959745D265E905800074479 /* UserAgentHandler.swift */ = {isa = PBXFileReference; fileEncoding = 4; lastKnownFileType = sourcecode.swift; path = UserAgentHandler.swift; sourceTree = "<group>"; };
		C96B73DA261E476100CF91BA /* RAnalyticsRpCookieFetcher.swift */ = {isa = PBXFileReference; fileEncoding = 4; lastKnownFileType = sourcecode.swift; path = RAnalyticsRpCookieFetcher.swift; sourceTree = "<group>"; };
		C96B73E4261E479600CF91BA /* HTTPCookieStorage+Extensions.swift */ = {isa = PBXFileReference; fileEncoding = 4; lastKnownFileType = sourcecode.swift; path = "HTTPCookieStorage+Extensions.swift"; sourceTree = "<group>"; };
		C9705FE6269C4605004D1715 /* ErrorMessage.swift */ = {isa = PBXFileReference; fileEncoding = 4; lastKnownFileType = sourcecode.swift; path = ErrorMessage.swift; sourceTree = "<group>"; };
		C97EF564267362FD006528B6 /* RAnalyticsRATTracker.swift */ = {isa = PBXFileReference; fileEncoding = 4; lastKnownFileType = sourcecode.swift; path = RAnalyticsRATTracker.swift; sourceTree = "<group>"; };
		C97EF56726736307006528B6 /* RAnalyticsLoginMethod+Extensions.swift */ = {isa = PBXFileReference; fileEncoding = 4; lastKnownFileType = sourcecode.swift; path = "RAnalyticsLoginMethod+Extensions.swift"; sourceTree = "<group>"; };
		C97EF56826736307006528B6 /* RAnalyticsOrigin+Extensions.swift */ = {isa = PBXFileReference; fileEncoding = 4; lastKnownFileType = sourcecode.swift; path = "RAnalyticsOrigin+Extensions.swift"; sourceTree = "<group>"; };
		C97EF56926736307006528B6 /* RAnalyticsState+ExtraParameters.swift */ = {isa = PBXFileReference; fileEncoding = 4; lastKnownFileType = sourcecode.swift; path = "RAnalyticsState+ExtraParameters.swift"; sourceTree = "<group>"; };
		C97EF56A26736307006528B6 /* String+LogoutMethod.swift */ = {isa = PBXFileReference; fileEncoding = 4; lastKnownFileType = sourcecode.swift; path = "String+LogoutMethod.swift"; sourceTree = "<group>"; };
		C97EF56B26736307006528B6 /* RAnalyticsEvent+ExtraParameters.swift */ = {isa = PBXFileReference; fileEncoding = 4; lastKnownFileType = sourcecode.swift; path = "RAnalyticsEvent+ExtraParameters.swift"; sourceTree = "<group>"; };
		C97EF56C26736307006528B6 /* RStatusBarOrientationHandler.swift */ = {isa = PBXFileReference; fileEncoding = 4; lastKnownFileType = sourcecode.swift; path = RStatusBarOrientationHandler.swift; sourceTree = "<group>"; };
		C97EF57526736321006528B6 /* Bundle+EnvironmentBundle.swift */ = {isa = PBXFileReference; fileEncoding = 4; lastKnownFileType = sourcecode.swift; path = "Bundle+EnvironmentBundle.swift"; sourceTree = "<group>"; };
		C97EF57626736321006528B6 /* DatabaseConfiguration.swift */ = {isa = PBXFileReference; fileEncoding = 4; lastKnownFileType = sourcecode.swift; path = DatabaseConfiguration.swift; sourceTree = "<group>"; };
		C97EF57726736321006528B6 /* UIApplication+Extensions.swift */ = {isa = PBXFileReference; fileEncoding = 4; lastKnownFileType = sourcecode.swift; path = "UIApplication+Extensions.swift"; sourceTree = "<group>"; };
		C97EF57826736321006528B6 /* DeviceHandleable.swift */ = {isa = PBXFileReference; fileEncoding = 4; lastKnownFileType = sourcecode.swift; path = DeviceHandleable.swift; sourceTree = "<group>"; };
		C97EF57926736321006528B6 /* UIScreen+Extensions.swift */ = {isa = PBXFileReference; fileEncoding = 4; lastKnownFileType = sourcecode.swift; path = "UIScreen+Extensions.swift"; sourceTree = "<group>"; };
		C97EF57A26736321006528B6 /* CTTelephonyNetworkInfo+Extensions.swift */ = {isa = PBXFileReference; fileEncoding = 4; lastKnownFileType = sourcecode.swift; path = "CTTelephonyNetworkInfo+Extensions.swift"; sourceTree = "<group>"; };
		C97EF57B26736321006528B6 /* UIDevice+Extensions.swift */ = {isa = PBXFileReference; fileEncoding = 4; lastKnownFileType = sourcecode.swift; path = "UIDevice+Extensions.swift"; sourceTree = "<group>"; };
		C99056CF2642C7870021E364 /* AnalyticsManager.swift */ = {isa = PBXFileReference; fileEncoding = 4; lastKnownFileType = sourcecode.swift; path = AnalyticsManager.swift; sourceTree = "<group>"; };
		C99056D22642C7960021E364 /* Dictionary+Extensions.swift */ = {isa = PBXFileReference; fileEncoding = 4; lastKnownFileType = sourcecode.swift; path = "Dictionary+Extensions.swift"; sourceTree = "<group>"; };
		C99056D52642C7A90021E364 /* SDKTracker.swift */ = {isa = PBXFileReference; fileEncoding = 4; lastKnownFileType = sourcecode.swift; path = SDKTracker.swift; sourceTree = "<group>"; };
		C9AEFF7F270B1D6300F21180 /* ReferralAppModel.swift */ = {isa = PBXFileReference; fileEncoding = 4; lastKnownFileType = sourcecode.swift; path = ReferralAppModel.swift; sourceTree = "<group>"; };
		C9AEFF81270B1D7200F21180 /* ReferralAppModel+URL.swift */ = {isa = PBXFileReference; fileEncoding = 4; lastKnownFileType = sourcecode.swift; path = "ReferralAppModel+URL.swift"; sourceTree = "<group>"; };
		C9B5F4F72649350C0039A6A5 /* CLLocationManager+Extensions.swift */ = {isa = PBXFileReference; fileEncoding = 4; lastKnownFileType = sourcecode.swift; path = "CLLocationManager+Extensions.swift"; sourceTree = "<group>"; };
		C9D40ADA26D3D30A0069393D /* RAnalyticsEvent+Install.swift */ = {isa = PBXFileReference; fileEncoding = 4; lastKnownFileType = sourcecode.swift; path = "RAnalyticsEvent+Install.swift"; sourceTree = "<group>"; };
		C9D647B5276AB0FF00C88F54 /* AnalyticsEventObserver.swift */ = {isa = PBXFileReference; fileEncoding = 4; lastKnownFileType = sourcecode.swift; path = AnalyticsEventObserver.swift; sourceTree = "<group>"; };
		C9D647B6276AB0FF00C88F54 /* AnalyticsEventTracker.swift */ = {isa = PBXFileReference; fileEncoding = 4; lastKnownFileType = sourcecode.swift; path = AnalyticsEventTracker.swift; sourceTree = "<group>"; };
		C9D647B9276AB10D00C88F54 /* AnalyticsEventPoster.swift */ = {isa = PBXFileReference; fileEncoding = 4; lastKnownFileType = sourcecode.swift; path = AnalyticsEventPoster.swift; sourceTree = "<group>"; };
		C9DAD6CF26844FA1003C62AC /* SimpleDependenciesContainer.swift */ = {isa = PBXFileReference; fileEncoding = 4; lastKnownFileType = sourcecode.swift; path = SimpleDependenciesContainer.swift; sourceTree = "<group>"; };
		C9E4BC8F260C9AD20001F0B4 /* String+Encryption.swift */ = {isa = PBXFileReference; fileEncoding = 4; lastKnownFileType = sourcecode.swift; path = "String+Encryption.swift"; sourceTree = "<group>"; };
		C9E4BC90260C9AD20001F0B4 /* PushEventHandler.swift */ = {isa = PBXFileReference; fileEncoding = 4; lastKnownFileType = sourcecode.swift; path = PushEventHandler.swift; sourceTree = "<group>"; };
		C9E4BC95260C9AF20001F0B4 /* RAnalyticsPushTrackingUtility.swift */ = {isa = PBXFileReference; fileEncoding = 4; lastKnownFileType = sourcecode.swift; path = RAnalyticsPushTrackingUtility.swift; sourceTree = "<group>"; };
		C9F0AEAD27183ACC00676992 /* FileManager+Extensions.swift */ = {isa = PBXFileReference; fileEncoding = 4; lastKnownFileType = sourcecode.swift; path = "FileManager+Extensions.swift"; sourceTree = "<group>"; };
/* End PBXFileReference section */

/* Begin PBXFrameworksBuildPhase section */
		3AA58EED24CB107D00CE703C /* Frameworks */ = {
			isa = PBXFrameworksBuildPhase;
			buildActionMask = 2147483647;
			files = (
			);
			runOnlyForDeploymentPostprocessing = 0;
		};
/* End PBXFrameworksBuildPhase section */

/* Begin PBXGroup section */
		3AA58EE624CB107D00CE703C = {
			isa = PBXGroup;
			children = (
				3AA58EF224CB107D00CE703C /* RAnalytics */,
				3AA58EF124CB107D00CE703C /* Products */,
				AA633E799A46F1639B2ECBC6 /* Pods */,
			);
			sourceTree = "<group>";
		};
		3AA58EF124CB107D00CE703C /* Products */ = {
			isa = PBXGroup;
			children = (
				3AA58EF024CB107D00CE703C /* RAnalytics.framework */,
			);
			name = Products;
			sourceTree = "<group>";
		};
		3AA58EF224CB107D00CE703C /* RAnalytics */ = {
			isa = PBXGroup;
			children = (
				C923B7FF25FF322A00F9CCA0 /* RAnalytics */,
				3AA58EF424CB107D00CE703C /* Info.plist */,
			);
			path = RAnalytics;
			sourceTree = "<group>";
		};
		AA633E799A46F1639B2ECBC6 /* Pods */ = {
			isa = PBXGroup;
			children = (
			);
			path = Pods;
			sourceTree = "<group>";
		};
		C923B7FF25FF322A00F9CCA0 /* RAnalytics */ = {
			isa = PBXGroup;
			children = (
				C923B80125FF322A00F9CCA0 /* Core */,
				C923B85025FF322A00F9CCA0 /* RAnalytics.h */,
				C923B84C25FF322A00F9CCA0 /* RAT */,
				C923B82225FF322A00F9CCA0 /* Util */,
			);
			name = RAnalytics;
			path = ../../RAnalytics;
			sourceTree = "<group>";
		};
		C923B80125FF322A00F9CCA0 /* Core */ = {
			isa = PBXGroup;
			children = (
				C99056CF2642C7870021E364 /* AnalyticsManager.swift */,
				C923B82025FF322A00F9CCA0 /* Assets */,
				C923B80C25FF322A00F9CCA0 /* Private */,
				C926163D26D4E4FE00119292 /* RAnalyticsEndpointSettable.swift */,
				C923B80525FF322A00F9CCA0 /* RAnalyticsEvent.swift */,
				C96B73DA261E476100CF91BA /* RAnalyticsRpCookieFetcher.swift */,
				C923B80925FF322A00F9CCA0 /* RAnalyticsState.swift */,
				C926164D26D641B300119292 /* RAnalyticsTracker.swift */,
			);
			path = Core;
			sourceTree = "<group>";
		};
		C923B80C25FF322A00F9CCA0 /* Private */ = {
			isa = PBXGroup;
			children = (
				C923B81525FF322A00F9CCA0 /* _RAnalyticsSwiftLoader.h */,
				C923B81D25FF322A00F9CCA0 /* _RAnalyticsSwiftLoader.m */,
				C923B81925FF322A00F9CCA0 /* AnyDependenciesContainer+DependencyFactory.swift */,
				C923B81325FF322A00F9CCA0 /* CoreHelpers.swift */,
				C923B80E25FF322A00F9CCA0 /* NSNotification+Extensions.swift */,
				C923B81125FF322A00F9CCA0 /* RAnalyticsClassManipulable.swift */,
				C923B81025FF322A00F9CCA0 /* RAnalyticsClassManipulable+UIApplication.swift */,
				C923B81225FF322A00F9CCA0 /* RAnalyticsClassManipulable+UIViewController.swift */,
				C923B80F25FF322A00F9CCA0 /* RAnalyticsClassManipulable+UNUserNotificationCenter.swift */,
				C923B81A25FF322A00F9CCA0 /* RAnalyticsExternalCollector.swift */,
				C923B81C25FF322A00F9CCA0 /* RAnalyticsLaunchCollector.swift */,
				C923B81825FF322A00F9CCA0 /* RuntimeLoadable.swift */,
				C99056D52642C7A90021E364 /* SDKTracker.swift */,
			);
			path = Private;
			sourceTree = "<group>";
		};
		C923B82025FF322A00F9CCA0 /* Assets */ = {
			isa = PBXGroup;
			children = (
				C926164B26D567BA00119292 /* RModulesList.plist */,
			);
			path = Assets;
			sourceTree = "<group>";
		};
		C923B82225FF322A00F9CCA0 /* Util */ = {
			isa = PBXGroup;
			children = (
				C923B82725FF322A00F9CCA0 /* Private */,
				C9D647B9276AB10D00C88F54 /* AnalyticsEventPoster.swift */,
				452B8DED2732FA35000E7E60 /* RAnalyticsProgressNotifications.swift */,
				C9E4BC95260C9AF20001F0B4 /* RAnalyticsPushTrackingUtility.swift */,
				C923B82325FF322A00F9CCA0 /* RAnalyticsSender.swift */,
				C9AEFF7F270B1D6300F21180 /* ReferralAppModel.swift */,
			);
			path = Util;
			sourceTree = "<group>";
		};
		C923B82725FF322A00F9CCA0 /* Private */ = {
			isa = PBXGroup;
			children = (
				C9D647B5276AB0FF00C88F54 /* AnalyticsEventObserver.swift */,
				C9D647B6276AB0FF00C88F54 /* AnalyticsEventTracker.swift */,
				C94F90DD26E0A3BF0068B44E /* AnalyticsManager+ReferralAppTracking.swift */,
				C923B83625FF322A00F9CCA0 /* AnalyticsTracker.swift */,
				C923B83125FF322A00F9CCA0 /* Array+RAT.swift */,
				C923B83325FF322A00F9CCA0 /* ASIdentifierManager+Extensions.swift */,
				C97EF57526736321006528B6 /* Bundle+EnvironmentBundle.swift */,
				C923B84525FF322A00F9CCA0 /* Bundle+Extensions.swift */,
				C923B84325FF322A00F9CCA0 /* CLLocation+Extensions.swift */,
				C9B5F4F72649350C0039A6A5 /* CLLocationManager+Extensions.swift */,
				C97EF57A26736321006528B6 /* CTTelephonyNetworkInfo+Extensions.swift */,
				C923B82825FF322A00F9CCA0 /* Data+RAT.swift */,
				C97EF57626736321006528B6 /* DatabaseConfiguration.swift */,
				C97EF57826736321006528B6 /* DeviceHandleable.swift */,
				C99056D22642C7960021E364 /* Dictionary+Extensions.swift */,
				C9705FE6269C4605004D1715 /* ErrorMessage.swift */,
				C923B82A25FF322A00F9CCA0 /* EventChecker.swift */,
				C9F0AEAD27183ACC00676992 /* FileManager+Extensions.swift */,
				C96B73E4261E479600CF91BA /* HTTPCookieStorage+Extensions.swift */,
				C923B84725FF322A00F9CCA0 /* KeychainHandler.swift */,
				C923B84925FF322A00F9CCA0 /* MainThreadExecutor.swift */,
				C923B84425FF322A00F9CCA0 /* NotificationCenter+Extensions.swift */,
				C923B83925FF322A00F9CCA0 /* NSObject+Extensions.swift */,
				C923B84A25FF322A00F9CCA0 /* Optional+CLLocation.swift */,
				C923B82F25FF322A00F9CCA0 /* Optional+String.swift */,
				C94F90DB26E0A3BF0068B44E /* PayloadParameterKeys.swift */,
				C9E4BC90260C9AD20001F0B4 /* PushEventHandler.swift */,
				C923B83B25FF322A00F9CCA0 /* RAdvertisingIdentifierHandler.swift */,
				4BB2042F2684819400BD72B4 /* RAnalyticsConfiguration.swift */,
				C923B83A25FF322A00F9CCA0 /* RAnalyticsCookieInjector.swift */,
				C923B83825FF322A00F9CCA0 /* RAnalyticsDatabase.swift */,
				C923B82D25FF322A00F9CCA0 /* RAnalyticsDatabaseHelper.swift */,
				C9D40ADA26D3D30A0069393D /* RAnalyticsEvent+Install.swift */,
				C9AEFF81270B1D7200F21180 /* ReferralAppModel+URL.swift */,
				C94F90DF26E0A3BF0068B44E /* ReferralTrackingType.swift */,
				C9DAD6CF26844FA1003C62AC /* SimpleDependenciesContainer.swift */,
				C9E4BC8F260C9AD20001F0B4 /* String+Encryption.swift */,
				C923B83025FF322A00F9CCA0 /* String+Extensions.swift */,
				C923B84225FF322A00F9CCA0 /* Synchronizable.swift */,
				C97EF57726736321006528B6 /* UIApplication+Extensions.swift */,
				C97EF57B26736321006528B6 /* UIDevice+Extensions.swift */,
				C97EF57926736321006528B6 /* UIScreen+Extensions.swift */,
				C923B82B25FF322A00F9CCA0 /* UIViewController+Extensions.swift */,
				C923B82925FF322A00F9CCA0 /* UNUserNotificationCenter+Extensions.swift */,
				C923B84625FF322A00F9CCA0 /* URLRequest+RAT.swift */,
				C923B83525FF322A00F9CCA0 /* URLSession+Result.swift */,
				C923B83D25FF322A00F9CCA0 /* UserDefaults+Extensions.swift */,
				C923B83F25FF322A00F9CCA0 /* UserIdentifierSelector.swift */,
				C923B83725FF322A00F9CCA0 /* WKHTTPCookieStore+Extensions.swift */,
			);
			path = Private;
			sourceTree = "<group>";
		};
		C923B84C25FF322A00F9CCA0 /* RAT */ = {
			isa = PBXGroup;
			children = (
				C97EF564267362FD006528B6 /* RAnalyticsRATTracker.swift */,
				C948A56E265E8877008BA975 /* Private */,
			);
			path = RAT;
			sourceTree = "<group>";
		};
		C948A56E265E8877008BA975 /* Private */ = {
			isa = PBXGroup;
			children = (
				C948A576265E8877008BA975 /* DeviceHandler.swift */,
				C948A56F265E8877008BA975 /* NSDate+Extensions.swift */,
				C948A574265E8877008BA975 /* NSObject+Number.swift */,
				C97EF56B26736307006528B6 /* RAnalyticsEvent+ExtraParameters.swift */,
				C97EF56726736307006528B6 /* RAnalyticsLoginMethod+Extensions.swift */,
				C97EF56826736307006528B6 /* RAnalyticsOrigin+Extensions.swift */,
				4BB2042B26841F1900BD72B4 /* RAnalyticsRATTracker+Duplicate.swift */,
				C925314226650A33005A6051 /* RAnalyticsRATTracker+Extensions.swift */,
				C97EF56926736307006528B6 /* RAnalyticsState+ExtraParameters.swift */,
				C925314126650A33005A6051 /* ReachabilityNotifier.swift */,
				C97EF56C26736307006528B6 /* RStatusBarOrientationHandler.swift */,
				C925314326650A33005A6051 /* SCNetworkReachabilityFlags+Extensions.swift */,
				C97EF56A26736307006528B6 /* String+LogoutMethod.swift */,
				C948A573265E8877008BA975 /* TelephonyHandler.swift */,
				C948A570265E8877008BA975 /* UIView+URL.swift */,
				C959745D265E905800074479 /* UserAgentHandler.swift */,
			);
			path = Private;
			sourceTree = "<group>";
		};
/* End PBXGroup section */

/* Begin PBXHeadersBuildPhase section */
		3AA58EEB24CB107D00CE703C /* Headers */ = {
			isa = PBXHeadersBuildPhase;
			buildActionMask = 2147483647;
			files = (
				C923B89A25FF322A00F9CCA0 /* RAnalytics.h in Headers */,
				C923B86325FF322A00F9CCA0 /* _RAnalyticsSwiftLoader.h in Headers */,
			);
			runOnlyForDeploymentPostprocessing = 0;
		};
/* End PBXHeadersBuildPhase section */

/* Begin PBXNativeTarget section */
		3AA58EEF24CB107D00CE703C /* RAnalytics */ = {
			isa = PBXNativeTarget;
			buildConfigurationList = 3AA58EF824CB107D00CE703C /* Build configuration list for PBXNativeTarget "RAnalytics" */;
			buildPhases = (
				3AA58EEB24CB107D00CE703C /* Headers */,
				3AA58EEC24CB107D00CE703C /* Sources */,
				3AA58EED24CB107D00CE703C /* Frameworks */,
				3AA58EEE24CB107D00CE703C /* Resources */,
			);
			buildRules = (
			);
			dependencies = (
			);
			name = RAnalytics;
			productName = RAnalytics;
			productReference = 3AA58EF024CB107D00CE703C /* RAnalytics.framework */;
			productType = "com.apple.product-type.framework";
		};
/* End PBXNativeTarget section */

/* Begin PBXProject section */
		3AA58EE724CB107D00CE703C /* Project object */ = {
			isa = PBXProject;
			attributes = {
				LastSwiftUpdateCheck = 1220;
				LastUpgradeCheck = 1150;
				ORGANIZATIONNAME = "Rakuten Group, Inc.";
				TargetAttributes = {
					3AA58EEF24CB107D00CE703C = {
						CreatedOnToolsVersion = 11.5;
						LastSwiftMigration = 1230;
					};
				};
			};
			buildConfigurationList = 3AA58EEA24CB107D00CE703C /* Build configuration list for PBXProject "RAnalytics" */;
			compatibilityVersion = "Xcode 9.3";
			developmentRegion = en;
			hasScannedForEncodings = 0;
			knownRegions = (
				en,
				Base,
			);
			mainGroup = 3AA58EE624CB107D00CE703C;
			productRefGroup = 3AA58EF124CB107D00CE703C /* Products */;
			projectDirPath = "";
			projectRoot = "";
			targets = (
				3AA58EEF24CB107D00CE703C /* RAnalytics */,
			);
		};
/* End PBXProject section */

/* Begin PBXResourcesBuildPhase section */
		3AA58EEE24CB107D00CE703C /* Resources */ = {
			isa = PBXResourcesBuildPhase;
			buildActionMask = 2147483647;
			files = (
				C926164C26D567BA00119292 /* RModulesList.plist in Resources */,
			);
			runOnlyForDeploymentPostprocessing = 0;
		};
/* End PBXResourcesBuildPhase section */

/* Begin PBXSourcesBuildPhase section */
		3AA58EEC24CB107D00CE703C /* Sources */ = {
			isa = PBXSourcesBuildPhase;
			buildActionMask = 2147483647;
			files = (
				C948A577265E8877008BA975 /* NSDate+Extensions.swift in Sources */,
				C923B85E25FF322A00F9CCA0 /* RAnalyticsClassManipulable+UIApplication.swift in Sources */,
				C9AEFF82270B1D7200F21180 /* ReferralAppModel+URL.swift in Sources */,
				4BB204302684819400BD72B4 /* RAnalyticsConfiguration.swift in Sources */,
				C9D647B8276AB0FF00C88F54 /* AnalyticsEventTracker.swift in Sources */,
				C9F0AEAE27183ACC00676992 /* FileManager+Extensions.swift in Sources */,
				C9DAD6D026844FA1003C62AC /* SimpleDependenciesContainer.swift in Sources */,
				C923B87625FF322A00F9CCA0 /* UIViewController+Extensions.swift in Sources */,
				C94F90E226E0A3BF0068B44E /* AnalyticsManager+ReferralAppTracking.swift in Sources */,
				C923B85F25FF322A00F9CCA0 /* RAnalyticsClassManipulable.swift in Sources */,
				C9D647B7276AB0FF00C88F54 /* AnalyticsEventObserver.swift in Sources */,
				C97EF58026736321006528B6 /* UIScreen+Extensions.swift in Sources */,
				C9D40ADB26D3D30A0069393D /* RAnalyticsEvent+Install.swift in Sources */,
				C923B89125FF322A00F9CCA0 /* URLRequest+RAT.swift in Sources */,
				C9D647BA276AB10D00C88F54 /* AnalyticsEventPoster.swift in Sources */,
				C9B5F4F82649350C0039A6A5 /* CLLocationManager+Extensions.swift in Sources */,
				C923B85425FF322A00F9CCA0 /* RAnalyticsEvent.swift in Sources */,
				C923B86125FF322A00F9CCA0 /* CoreHelpers.swift in Sources */,
				C923B87A25FF322A00F9CCA0 /* Optional+String.swift in Sources */,
				C959745E265E905800074479 /* UserAgentHandler.swift in Sources */,
				C923B88525FF322A00F9CCA0 /* RAnalyticsCookieInjector.swift in Sources */,
				C923B85D25FF322A00F9CCA0 /* RAnalyticsClassManipulable+UNUserNotificationCenter.swift in Sources */,
				C923B88425FF322A00F9CCA0 /* NSObject+Extensions.swift in Sources */,
				C97EF57C26736321006528B6 /* Bundle+EnvironmentBundle.swift in Sources */,
				C9E4BC91260C9AD20001F0B4 /* String+Encryption.swift in Sources */,
				C948A578265E8877008BA975 /* UIView+URL.swift in Sources */,
				C923B86A25FF322A00F9CCA0 /* RAnalyticsLaunchCollector.swift in Sources */,
				C923B88A25FF322A00F9CCA0 /* UserIdentifierSelector.swift in Sources */,
				C923B88625FF322A00F9CCA0 /* RAdvertisingIdentifierHandler.swift in Sources */,
				C923B86625FF322A00F9CCA0 /* RuntimeLoadable.swift in Sources */,
				C923B87E25FF322A00F9CCA0 /* ASIdentifierManager+Extensions.swift in Sources */,
				C97EF56E26736307006528B6 /* RAnalyticsOrigin+Extensions.swift in Sources */,
				C9705FE7269C4605004D1715 /* ErrorMessage.swift in Sources */,
				C923B86025FF322A00F9CCA0 /* RAnalyticsClassManipulable+UIViewController.swift in Sources */,
				C923B85C25FF322A00F9CCA0 /* NSNotification+Extensions.swift in Sources */,
				C923B87825FF322A00F9CCA0 /* RAnalyticsDatabaseHelper.swift in Sources */,
				C948A57C265E8877008BA975 /* NSObject+Number.swift in Sources */,
				C926164E26D641B300119292 /* RAnalyticsTracker.swift in Sources */,
				C94F90E426E0A3BF0068B44E /* ReferralTrackingType.swift in Sources */,
				C99056D02642C7870021E364 /* AnalyticsManager.swift in Sources */,
				452B8DEE2732FA35000E7E60 /* RAnalyticsProgressNotifications.swift in Sources */,
				C923B88E25FF322A00F9CCA0 /* CLLocation+Extensions.swift in Sources */,
				C97EF57D26736321006528B6 /* DatabaseConfiguration.swift in Sources */,
				C923B86825FF322A00F9CCA0 /* RAnalyticsExternalCollector.swift in Sources */,
				C9E4BC96260C9AF20001F0B4 /* RAnalyticsPushTrackingUtility.swift in Sources */,
				C923B88325FF322A00F9CCA0 /* RAnalyticsDatabase.swift in Sources */,
				C96B73DB261E476100CF91BA /* RAnalyticsRpCookieFetcher.swift in Sources */,
				C97EF56F26736307006528B6 /* RAnalyticsState+ExtraParameters.swift in Sources */,
				C97EF565267362FD006528B6 /* RAnalyticsRATTracker.swift in Sources */,
				C97EF58226736321006528B6 /* UIDevice+Extensions.swift in Sources */,
				C923B87425FF322A00F9CCA0 /* UNUserNotificationCenter+Extensions.swift in Sources */,
				C923B88825FF322A00F9CCA0 /* UserDefaults+Extensions.swift in Sources */,
				C97EF58126736321006528B6 /* CTTelephonyNetworkInfo+Extensions.swift in Sources */,
				C923B89025FF322A00F9CCA0 /* Bundle+Extensions.swift in Sources */,
				C923B88025FF322A00F9CCA0 /* URLSession+Result.swift in Sources */,
				C99056D32642C7960021E364 /* Dictionary+Extensions.swift in Sources */,
				C925314526650A33005A6051 /* RAnalyticsRATTracker+Extensions.swift in Sources */,
				C923B89225FF322A00F9CCA0 /* KeychainHandler.swift in Sources */,
				C923B88125FF322A00F9CCA0 /* AnalyticsTracker.swift in Sources */,
				C99056D62642C7A90021E364 /* SDKTracker.swift in Sources */,
				C97EF56D26736307006528B6 /* RAnalyticsLoginMethod+Extensions.swift in Sources */,
				C97EF57026736307006528B6 /* String+LogoutMethod.swift in Sources */,
				C9AEFF80270B1D6300F21180 /* ReferralAppModel.swift in Sources */,
				C923B86F25FF322A00F9CCA0 /* RAnalyticsSender.swift in Sources */,
				C925314426650A33005A6051 /* ReachabilityNotifier.swift in Sources */,
				C926163E26D4E4FE00119292 /* RAnalyticsEndpointSettable.swift in Sources */,
				4BB2042C26841F1900BD72B4 /* RAnalyticsRATTracker+Duplicate.swift in Sources */,
				C925314626650A33005A6051 /* SCNetworkReachabilityFlags+Extensions.swift in Sources */,
				C948A57E265E8877008BA975 /* DeviceHandler.swift in Sources */,
				C923B85825FF322A00F9CCA0 /* RAnalyticsState.swift in Sources */,
				C923B88225FF322A00F9CCA0 /* WKHTTPCookieStore+Extensions.swift in Sources */,
				C9E4BC92260C9AD20001F0B4 /* PushEventHandler.swift in Sources */,
				C948A57B265E8877008BA975 /* TelephonyHandler.swift in Sources */,
				C923B87525FF322A00F9CCA0 /* EventChecker.swift in Sources */,
				C923B87C25FF322A00F9CCA0 /* Array+RAT.swift in Sources */,
				C923B86B25FF322A00F9CCA0 /* _RAnalyticsSwiftLoader.m in Sources */,
				C97EF57126736307006528B6 /* RAnalyticsEvent+ExtraParameters.swift in Sources */,
				C923B88F25FF322A00F9CCA0 /* NotificationCenter+Extensions.swift in Sources */,
				C923B88D25FF322A00F9CCA0 /* Synchronizable.swift in Sources */,
				C94F90E026E0A3BF0068B44E /* PayloadParameterKeys.swift in Sources */,
				C96B73E7261E479600CF91BA /* HTTPCookieStorage+Extensions.swift in Sources */,
				C923B87B25FF322A00F9CCA0 /* String+Extensions.swift in Sources */,
				C97EF57E26736321006528B6 /* UIApplication+Extensions.swift in Sources */,
				C97EF57F26736321006528B6 /* DeviceHandleable.swift in Sources */,
				C97EF57226736307006528B6 /* RStatusBarOrientationHandler.swift in Sources */,
				C923B89525FF322A00F9CCA0 /* Optional+CLLocation.swift in Sources */,
				C923B89425FF322A00F9CCA0 /* MainThreadExecutor.swift in Sources */,
				C923B86725FF322A00F9CCA0 /* AnyDependenciesContainer+DependencyFactory.swift in Sources */,
				C923B87325FF322A00F9CCA0 /* Data+RAT.swift in Sources */,
			);
			runOnlyForDeploymentPostprocessing = 0;
		};
/* End PBXSourcesBuildPhase section */

/* Begin XCBuildConfiguration section */
		3AA58EF624CB107D00CE703C /* Debug */ = {
			isa = XCBuildConfiguration;
			buildSettings = {
				ALWAYS_SEARCH_USER_PATHS = NO;
				CLANG_ANALYZER_NONNULL = YES;
				CLANG_ANALYZER_NUMBER_OBJECT_CONVERSION = YES_AGGRESSIVE;
				CLANG_CXX_LANGUAGE_STANDARD = "gnu++14";
				CLANG_CXX_LIBRARY = "libc++";
				CLANG_ENABLE_MODULES = YES;
				CLANG_ENABLE_OBJC_ARC = YES;
				CLANG_ENABLE_OBJC_WEAK = YES;
				CLANG_WARN_BLOCK_CAPTURE_AUTORELEASING = YES;
				CLANG_WARN_BOOL_CONVERSION = YES;
				CLANG_WARN_COMMA = YES;
				CLANG_WARN_CONSTANT_CONVERSION = YES;
				CLANG_WARN_DEPRECATED_OBJC_IMPLEMENTATIONS = YES;
				CLANG_WARN_DIRECT_OBJC_ISA_USAGE = YES_ERROR;
				CLANG_WARN_DOCUMENTATION_COMMENTS = YES;
				CLANG_WARN_EMPTY_BODY = YES;
				CLANG_WARN_ENUM_CONVERSION = YES;
				CLANG_WARN_INFINITE_RECURSION = YES;
				CLANG_WARN_INT_CONVERSION = YES;
				CLANG_WARN_NON_LITERAL_NULL_CONVERSION = YES;
				CLANG_WARN_OBJC_IMPLICIT_RETAIN_SELF = YES;
				CLANG_WARN_OBJC_LITERAL_CONVERSION = YES;
				CLANG_WARN_OBJC_ROOT_CLASS = YES_ERROR;
				CLANG_WARN_RANGE_LOOP_ANALYSIS = YES;
				CLANG_WARN_STRICT_PROTOTYPES = YES;
				CLANG_WARN_SUSPICIOUS_MOVE = YES;
				CLANG_WARN_UNGUARDED_AVAILABILITY = YES_AGGRESSIVE;
				CLANG_WARN_UNREACHABLE_CODE = YES;
				CLANG_WARN__DUPLICATE_METHOD_MATCH = YES;
				COPY_PHASE_STRIP = NO;
				CURRENT_PROJECT_VERSION = 1;
				DEBUG_INFORMATION_FORMAT = "dwarf-with-dsym";
				ENABLE_STRICT_OBJC_MSGSEND = YES;
				ENABLE_TESTABILITY = YES;
				GCC_C_LANGUAGE_STANDARD = gnu11;
				GCC_DYNAMIC_NO_PIC = NO;
				GCC_NO_COMMON_BLOCKS = YES;
				GCC_OPTIMIZATION_LEVEL = 0;
				GCC_PREPROCESSOR_DEFINITIONS = (
					"DEBUG=1",
					"$(inherited)",
				);
				GCC_WARN_64_TO_32_BIT_CONVERSION = YES;
				GCC_WARN_ABOUT_RETURN_TYPE = YES_ERROR;
				GCC_WARN_UNDECLARED_SELECTOR = YES;
				GCC_WARN_UNINITIALIZED_AUTOS = YES_AGGRESSIVE;
				GCC_WARN_UNUSED_FUNCTION = YES;
				GCC_WARN_UNUSED_VARIABLE = YES;
				IPHONEOS_DEPLOYMENT_TARGET = 12.0;
				MTL_ENABLE_DEBUG_INFO = INCLUDE_SOURCE;
				MTL_FAST_MATH = YES;
				ONLY_ACTIVE_ARCH = YES;
				OTHER_CFLAGS = "-fembed-bitcode";
				SDKROOT = iphoneos;
				SWIFT_VERSION = 5.0;
				VERSIONING_SYSTEM = "apple-generic";
				VERSION_INFO_PREFIX = "";
			};
			name = Debug;
		};
		3AA58EF724CB107D00CE703C /* Release */ = {
			isa = XCBuildConfiguration;
			buildSettings = {
				ALWAYS_SEARCH_USER_PATHS = NO;
				CLANG_ANALYZER_NONNULL = YES;
				CLANG_ANALYZER_NUMBER_OBJECT_CONVERSION = YES_AGGRESSIVE;
				CLANG_CXX_LANGUAGE_STANDARD = "gnu++14";
				CLANG_CXX_LIBRARY = "libc++";
				CLANG_ENABLE_MODULES = YES;
				CLANG_ENABLE_OBJC_ARC = YES;
				CLANG_ENABLE_OBJC_WEAK = YES;
				CLANG_WARN_BLOCK_CAPTURE_AUTORELEASING = YES;
				CLANG_WARN_BOOL_CONVERSION = YES;
				CLANG_WARN_COMMA = YES;
				CLANG_WARN_CONSTANT_CONVERSION = YES;
				CLANG_WARN_DEPRECATED_OBJC_IMPLEMENTATIONS = YES;
				CLANG_WARN_DIRECT_OBJC_ISA_USAGE = YES_ERROR;
				CLANG_WARN_DOCUMENTATION_COMMENTS = YES;
				CLANG_WARN_EMPTY_BODY = YES;
				CLANG_WARN_ENUM_CONVERSION = YES;
				CLANG_WARN_INFINITE_RECURSION = YES;
				CLANG_WARN_INT_CONVERSION = YES;
				CLANG_WARN_NON_LITERAL_NULL_CONVERSION = YES;
				CLANG_WARN_OBJC_IMPLICIT_RETAIN_SELF = YES;
				CLANG_WARN_OBJC_LITERAL_CONVERSION = YES;
				CLANG_WARN_OBJC_ROOT_CLASS = YES_ERROR;
				CLANG_WARN_RANGE_LOOP_ANALYSIS = YES;
				CLANG_WARN_STRICT_PROTOTYPES = YES;
				CLANG_WARN_SUSPICIOUS_MOVE = YES;
				CLANG_WARN_UNGUARDED_AVAILABILITY = YES_AGGRESSIVE;
				CLANG_WARN_UNREACHABLE_CODE = YES;
				CLANG_WARN__DUPLICATE_METHOD_MATCH = YES;
				COPY_PHASE_STRIP = NO;
				CURRENT_PROJECT_VERSION = 1;
				DEBUG_INFORMATION_FORMAT = "dwarf-with-dsym";
				ENABLE_NS_ASSERTIONS = NO;
				ENABLE_STRICT_OBJC_MSGSEND = YES;
				GCC_C_LANGUAGE_STANDARD = gnu11;
				GCC_NO_COMMON_BLOCKS = YES;
				GCC_WARN_64_TO_32_BIT_CONVERSION = YES;
				GCC_WARN_ABOUT_RETURN_TYPE = YES_ERROR;
				GCC_WARN_UNDECLARED_SELECTOR = YES;
				GCC_WARN_UNINITIALIZED_AUTOS = YES_AGGRESSIVE;
				GCC_WARN_UNUSED_FUNCTION = YES;
				GCC_WARN_UNUSED_VARIABLE = YES;
				IPHONEOS_DEPLOYMENT_TARGET = 12.0;
				MTL_ENABLE_DEBUG_INFO = NO;
				MTL_FAST_MATH = YES;
				OTHER_CFLAGS = "-fembed-bitcode";
				SDKROOT = iphoneos;
				SWIFT_VERSION = 5.0;
				VALIDATE_PRODUCT = YES;
				VERSIONING_SYSTEM = "apple-generic";
				VERSION_INFO_PREFIX = "";
			};
			name = Release;
		};
		3AA58EF924CB107D00CE703C /* Debug */ = {
			isa = XCBuildConfiguration;
			buildSettings = {
				BUILD_LIBRARY_FOR_DISTRIBUTION = YES;
				CODE_SIGN_STYLE = Automatic;
				DEFINES_MODULE = YES;
				DEVELOPMENT_TEAM = "";
				DYLIB_COMPATIBILITY_VERSION = 1;
				DYLIB_CURRENT_VERSION = 1;
				DYLIB_INSTALL_NAME_BASE = "@rpath";
				FRAMEWORK_SEARCH_PATHS = (
					"$(inherited)",
					"$(BUILT_PRODUCTS_DIR)/RDeviceIdentifier",
					"$(BUILT_PRODUCTS_DIR)/RSDKUtils",
				);
				INFOPLIST_FILE = RAnalytics/Info.plist;
				INSTALL_PATH = "$(LOCAL_LIBRARY_DIR)/Frameworks";
				LD_RUNPATH_SEARCH_PATHS = (
					"$(inherited)",
					"@executable_path/Frameworks",
					"@loader_path/Frameworks",
				);
				MARKETING_VERSION = "9.1.0";
				MODULEMAP_PRIVATE_FILE = RAnalytics.private.modulemap;
				PRODUCT_BUNDLE_IDENTIFIER = com.rakuten.RAnalytics;
				PRODUCT_NAME = "$(TARGET_NAME:c99extidentifier)";
				SKIP_INSTALL = YES;
				SWIFT_OPTIMIZATION_LEVEL = "-Onone";
				SWIFT_VERSION = 5.0;
				TARGETED_DEVICE_FAMILY = "1,2";
			};
			name = Debug;
		};
		3AA58EFA24CB107D00CE703C /* Release */ = {
			isa = XCBuildConfiguration;
			buildSettings = {
				BUILD_LIBRARY_FOR_DISTRIBUTION = YES;
				CODE_SIGN_STYLE = Automatic;
				DEFINES_MODULE = YES;
				DEVELOPMENT_TEAM = "";
				DYLIB_COMPATIBILITY_VERSION = 1;
				DYLIB_CURRENT_VERSION = 1;
				DYLIB_INSTALL_NAME_BASE = "@rpath";
				FRAMEWORK_SEARCH_PATHS = (
					"$(inherited)",
					"$(BUILT_PRODUCTS_DIR)/RDeviceIdentifier",
					"$(BUILT_PRODUCTS_DIR)/RSDKUtils",
				);
				INFOPLIST_FILE = RAnalytics/Info.plist;
				INSTALL_PATH = "$(LOCAL_LIBRARY_DIR)/Frameworks";
				LD_RUNPATH_SEARCH_PATHS = (
					"$(inherited)",
					"@executable_path/Frameworks",
					"@loader_path/Frameworks",
				);
				MARKETING_VERSION = "9.1.0";
				MODULEMAP_PRIVATE_FILE = RAnalytics.private.modulemap;
				PRODUCT_BUNDLE_IDENTIFIER = com.rakuten.RAnalytics;
				PRODUCT_NAME = "$(TARGET_NAME:c99extidentifier)";
				SKIP_INSTALL = YES;
				SWIFT_VERSION = 5.0;
				TARGETED_DEVICE_FAMILY = "1,2";
			};
			name = Release;
		};
/* End XCBuildConfiguration section */

/* Begin XCConfigurationList section */
		3AA58EEA24CB107D00CE703C /* Build configuration list for PBXProject "RAnalytics" */ = {
			isa = XCConfigurationList;
			buildConfigurations = (
				3AA58EF624CB107D00CE703C /* Debug */,
				3AA58EF724CB107D00CE703C /* Release */,
			);
			defaultConfigurationIsVisible = 0;
			defaultConfigurationName = Release;
		};
		3AA58EF824CB107D00CE703C /* Build configuration list for PBXNativeTarget "RAnalytics" */ = {
			isa = XCConfigurationList;
			buildConfigurations = (
				3AA58EF924CB107D00CE703C /* Debug */,
				3AA58EFA24CB107D00CE703C /* Release */,
			);
			defaultConfigurationIsVisible = 0;
			defaultConfigurationName = Release;
		};
/* End XCConfigurationList section */
	};
	rootObject = 3AA58EE724CB107D00CE703C /* Project object */;
}
