PODS:
  - RSDKDeviceInformation (1.0.0):
    - RSDKSupport/Utilities (~> 2.2.3)
  - RSDKSupport/Utilities (2.2.3)

DEPENDENCIES:
  - RSDKDeviceInformation (~> 1.0.0)
  - RSDKSupport/Utilities (~> 2.2.3)

SPEC CHECKSUMS:
  RSDKDeviceInformation: 561b4b68df33e5fb39ea576b7cd33cd36a8609b9
  RSDKSupport: a86de9c06468044a2f330442578106b1390c0572

COCOAPODS: 0.33.1
